hash: 107f72e3207b94391b786aa6f26bb4742b1bab01700c0600735a19198eb92fe8
updated: 2017-04-30T20:26:04.6858767+08:00
imports:
- name: github.com/bwmarrin/discordgo
  version: 5835676872d7fa65ee37b32672079c4ede2c1855
- name: github.com/gmallard/stompngo
  version: 5de8a5b10fb24daa6bc8fb222be1fd2936204fd0
  subpackages:
  - senv
- name: github.com/gorilla/websocket
  version: 3f3e394da2b801fbe732a935ef40724762a67a07
- name: github.com/Sirupsen/logrus
  version: ba1b36c82c5e05c4f912a88eab0dcd91a171688f
- name: golang.org/x/crypto
  version: 453249f01cfeb54c3d549ddb75ff152ca243f9d8
  subpackages:
  - nacl/secretbox
  - poly1305
  - salsa20/salsa
- name: golang.org/x/sys
  version: 075e574b89e4c2d22f2286a7e2b919519c6f3547
  subpackages:
  - unix
testImports: []
